Microsoft Visual Studio Solution File, Format Version 12.00
# Visual Studio Version 17
VisualStudioVersion = 17.10.34818.151
MinimumVisualStudioVersion = 10.0.40219.1
Project("{2150E333-8FDC-42A3-9474-1A3956D46DE8}") = "src", "src", "{F90CE8ED-94F0-4CAA-B2E8-0166BEA0DE2E}"
EndProject
Project("{2150E333-8FDC-42A3-9474-1A3956D46DE8}") = "tests", "tests", "{05B94556-31B2-48A8-88EA-9AF077FB96B1}"
EndProject
Project("{9A19103F-16F7-4668-BE54-9A1E7A4F7556}") = "TestConsoleApp", "tests\TestConsoleApp\TestConsoleApp.csproj", "{D252A010-2F6C-4F00-BAAA-234627A0F354}"
EndProject
Project("{9A19103F-16F7-4668-BE54-9A1E7A4F7556}") = "InputReader", "src\InputReader.csproj", "{7D0BFF2C-D856-4492-9792-D913C072EBC5}"
EndProject
Project("{2150E333-8FDC-42A3-9474-1A3956D46DE8}") = "Solution Items", "Solution Items", "{3CA6DB87-0DC2-4AAB-B443-A62175A244BA}"
	ProjectSection(SolutionItems) = preProject
		README.md = README.md
	EndProjectSection
EndProject
Global
	GlobalSection(SolutionConfigurationPlatforms) = preSolution
		Debug|Any CPU = Debug|Any CPU
		Release|Any CPU = Release|Any CPU
	EndGlobalSection
	GlobalSection(ProjectConfigurationPlatforms) = postSolution
		{D252A010-2F6C-4F00-BAAA-234627A0F354}.Debug|Any CPU.ActiveCfg = Debug|Any CPU
		{D252A010-2F6C-4F00-BAAA-234627A0F354}.Debug|Any CPU.Build.0 = Debug|Any CPU
		{D252A010-2F6C-4F00-BAAA-234627A0F354}.Release|Any CPU.ActiveCfg = Release|Any CPU
		{D252A010-2F6C-4F00-BAAA-234627A0F354}.Release|Any CPU.Build.0 = Release|Any CPU
		{7D0BFF2C-D856-4492-9792-D913C072EBC5}.Debug|Any CPU.ActiveCfg = Debug|Any CPU
		{7D0BFF2C-D856-4492-9792-D913C072EBC5}.Debug|Any CPU.Build.0 = Debug|Any CPU
		{7D0BFF2C-D856-4492-9792-D913C072EBC5}.Release|Any CPU.ActiveCfg = Release|Any CPU
		{7D0BFF2C-D856-4492-9792-D913C072EBC5}.Release|Any CPU.Build.0 = Release|Any CPU
	EndGlobalSection
	GlobalSection(SolutionProperties) = preSolution
		HideSolutionNode = FALSE
	EndGlobalSection
	GlobalSection(NestedProjects) = preSolution
		{D252A010-2F6C-4F00-BAAA-234627A0F354} = {05B94556-31B2-48A8-88EA-9AF077FB96B1}
		{7D0BFF2C-D856-4492-9792-D913C072EBC5} = {F90CE8ED-94F0-4CAA-B2E8-0166BEA0DE2E}
	EndGlobalSection
	GlobalSection(ExtensibilityGlobals) = postSolution
		SolutionGuid = {22CE323C-F3C1-4B72-905C-B148BBA6C73D}
	EndGlobalSection
EndGlobal
